
Microsoft Visual Studio Solution File, Format Version 12.00
# Visual Studio 15
VisualStudioVersion = 15.0.27130.2036
MinimumVisualStudioVersion = 10.0.40219.1
Project("{FAE04EC0-301F-11D3-BF4B-00C04F79EFBC}") = "NuGet.Querying", "NuGet.Querying\NuGet.Querying.csproj", "{EC1B5FC4-B1C4-4B7B-BD33-93D77E3D1723}"
EndProject
Global
	GlobalSection(SolutionConfigurationPlatforms) = preSolution
		Debug|Any CPU = Debug|Any CPU
		Release|Any CPU = Release|Any CPU
	EndGlobalSection
	GlobalSection(ProjectConfigurationPlatforms) = postSolution
		{EC1B5FC4-B1C4-4B7B-BD33-93D77E3D1723}.Debug|Any CPU.ActiveCfg = Debug|Any CPU
		{EC1B5FC4-B1C4-4B7B-BD33-93D77E3D1723}.Debug|Any CPU.Build.0 = Debug|Any CPU
		{EC1B5FC4-B1C4-4B7B-BD33-93D77E3D1723}.Release|Any CPU.ActiveCfg = Release|Any CPU
		{EC1B5FC4-B1C4-4B7B-BD33-93D77E3D1723}.Release|Any CPU.Build.0 = Release|Any CPU
	EndGlobalSection
	GlobalSection(SolutionProperties) = preSolution
		HideSolutionNode = FALSE
	EndGlobalSection
	GlobalSection(ExtensibilityGlobals) = postSolution
		SolutionGuid = {B9D18A04-D8A9-4FDB-89AD-1E5E9A1DA13F}
	EndGlobalSection
EndGlobal
